// !$*UTF8*$!
{
	archiveVersion = 1;
	classes = {
	};
	objectVersion = 46;
	objects = {

/* Begin PBXBuildFile section */
		06078D0805CDDF8086494747 /* libPods.a in Frameworks */ = {isa = PBXBuildFile; fileRef = 24BC60AC3787DC5A63535954 /* libPods.a */; };
		964563961B31A0DE00DAB6D8 /* AppDelegate.swift in Sources */ = {isa = PBXBuildFile; fileRef = 964563951B31A0DE00DAB6D8 /* AppDelegate.swift */; };
		964563981B31A0DE00DAB6D8 /* ViewController.swift in Sources */ = {isa = PBXBuildFile; fileRef = 964563971B31A0DE00DAB6D8 /* ViewController.swift */; };
		9645639D1B31A0DE00DAB6D8 /* Images.xcassets in Resources */ = {isa = PBXBuildFile; fileRef = 9645639C1B31A0DE00DAB6D8 /* Images.xcassets */; };
		964563A01B31A0DE00DAB6D8 /* LaunchScreen.xib in Resources */ = {isa = PBXBuildFile; fileRef = 9645639E1B31A0DE00DAB6D8 /* LaunchScreen.xib */; };
		964563AC1B31A0DF00DAB6D8 /* swift_pjtTests.swift in Sources */ = {isa = PBXBuildFile; fileRef = 964563AB1B31A0DF00DAB6D8 /* swift_pjtTests.swift */; };
		964563B61B31A31300DAB6D8 /* MainViewController.swift in Sources */ = {isa = PBXBuildFile; fileRef = 964563B51B31A31300DAB6D8 /* MainViewController.swift */; };
/* End PBXBuildFile section */

/* Begin PBXContainerItemProxy section */
		964563A61B31A0DE00DAB6D8 /* PBXContainerItemProxy */ = {
			isa = PBXContainerItemProxy;
			containerPortal = 964563881B31A0DE00DAB6D8 /* Project object */;
			proxyType = 1;
			remoteGlobalIDString = 9645638F1B31A0DE00DAB6D8;
			remoteInfo = swift_pjt;
		};
/* End PBXContainerItemProxy section */

/* Begin PBXFileReference section */
		24BC60AC3787DC5A63535954 /* libPods.a */ = {isa = PBXFileReference; explicitFileType = archive.ar; includeInIndex = 0; path = libPods.a; sourceTree = BUILT_PRODUCTS_DIR; };
		405E6DCA37310ECDAACB7A1B /* Pods.debug.xcconfig */ = {isa = PBXFileReference; includeInIndex = 1; lastKnownFileType = text.xcconfig; name = Pods.debug.xcconfig; path = "Pods/Target Support Files/Pods/Pods.debug.xcconfig"; sourceTree = "<group>"; };
		964563901B31A0DE00DAB6D8 /* swift_pjt.app */ = {isa = PBXFileReference; explicitFileType = wrapper.application; includeInIndex = 0; path = swift_pjt.app; sourceTree = BUILT_PRODUCTS_DIR; };
		964563941B31A0DE00DAB6D8 /* Info.plist */ = {isa = PBXFileReference; lastKnownFileType = text.plist.xml; path = Info.plist; sourceTree = "<group>"; };
		964563951B31A0DE00DAB6D8 /* AppDelegate.swift */ = {isa = PBXFileReference; lastKnownFileType = sourcecode.swift; path = AppDelegate.swift; sourceTree = "<group>"; };
		964563971B31A0DE00DAB6D8 /* ViewController.swift */ = {isa = PBXFileReference; lastKnownFileType = sourcecode.swift; path = ViewController.swift; sourceTree = "<group>"; };
		9645639C1B31A0DE00DAB6D8 /* Images.xcassets */ = {isa = PBXFileReference; lastKnownFileType = folder.assetcatalog; path = Images.xcassets; sourceTree = "<group>"; };
		9645639F1B31A0DE00DAB6D8 /* Base */ = {isa = PBXFileReference; lastKnownFileType = file.xib; name = Base; path = Base.lproj/LaunchScreen.xib; sourceTree = "<group>"; };
		964563A51B31A0DE00DAB6D8 /* swift_pjtTests.xctest */ = {isa = PBXFileReference; explicitFileType = wrapper.cfbundle; includeInIndex = 0; path = swift_pjtTests.xctest; sourceTree = BUILT_PRODUCTS_DIR; };
		964563AA1B31A0DE00DAB6D8 /* Info.plist */ = {isa = PBXFileReference; lastKnownFileType = text.plist.xml; path = Info.plist; sourceTree = "<group>"; };
		964563AB1B31A0DF00DAB6D8 /* swift_pjtTests.swift */ = {isa = PBXFileReference; lastKnownFileType = sourcecode.swift; path = swift_pjtTests.swift; sourceTree = "<group>"; };
		964563B51B31A31300DAB6D8 /* MainViewController.swift */ = {isa = PBXFileReference; fileEncoding = 4; lastKnownFileType = sourcecode.swift; path = MainViewController.swift; sourceTree = "<group>"; };
		966AE6551B32474B00AE9FC6 /* swift_pjt_Bridging-Header.h */ = {isa = PBXFileReference; lastKnownFileType = sourcecode.c.h; path = "swift_pjt_Bridging-Header.h"; sourceTree = "<group>"; };
		9C0EDBCECA24A6A029891911 /* Pods.release.xcconfig */ = {isa = PBXFileReference; includeInIndex = 1; lastKnownFileType = text.xcconfig; name = Pods.release.xcconfig; path = "Pods/Target Support Files/Pods/Pods.release.xcconfig"; sourceTree = "<group>"; };
/* End PBXFileReference section */

/* Begin PBXFrameworksBuildPhase section */
		9645638D1B31A0DE00DAB6D8 /* Frameworks */ = {
			isa = PBXFrameworksBuildPhase;
			buildActionMask = 2147483647;
			files = (
				06078D0805CDDF8086494747 /* libPods.a in Frameworks */,
			);
			runOnlyForDeploymentPostprocessing = 0;
		};
		964563A21B31A0DE00DAB6D8 /* Frameworks */ = {
			isa = PBXFrameworksBuildPhase;
			buildActionMask = 2147483647;
			files = (
			);
			runOnlyForDeploymentPostprocessing = 0;
		};
/* End PBXFrameworksBuildPhase section */

/* Begin PBXGroup section */
		1D4F12D9451AD1EABFAF0960 /* Pods */ = {
			isa = PBXGroup;
			children = (
				405E6DCA37310ECDAACB7A1B /* Pods.debug.xcconfig */,
				9C0EDBCECA24A6A029891911 /* Pods.release.xcconfig */,
			);
			name = Pods;
			sourceTree = "<group>";
		};
		5C0EAA44F3735E929EE6FD4D /* Frameworks */ = {
			isa = PBXGroup;
			children = (
				24BC60AC3787DC5A63535954 /* libPods.a */,
			);
			name = Frameworks;
			sourceTree = "<group>";
		};
		964563871B31A0DE00DAB6D8 = {
			isa = PBXGroup;
			children = (
				964563921B31A0DE00DAB6D8 /* swift_pjt */,
				964563A81B31A0DE00DAB6D8 /* swift_pjtTests */,
				964563911B31A0DE00DAB6D8 /* Products */,
				1D4F12D9451AD1EABFAF0960 /* Pods */,
				5C0EAA44F3735E929EE6FD4D /* Frameworks */,
			);
			sourceTree = "<group>";
		};
		964563911B31A0DE00DAB6D8 /* Products */ = {
			isa = PBXGroup;
			children = (
				964563901B31A0DE00DAB6D8 /* swift_pjt.app */,
				964563A51B31A0DE00DAB6D8 /* swift_pjtTests.xctest */,
			);
			name = Products;
			sourceTree = "<group>";
		};
		964563921B31A0DE00DAB6D8 /* swift_pjt */ = {
			isa = PBXGroup;
			children = (
				964563951B31A0DE00DAB6D8 /* AppDelegate.swift */,
				964563971B31A0DE00DAB6D8 /* ViewController.swift */,
				9645639C1B31A0DE00DAB6D8 /* Images.xcassets */,
				9645639E1B31A0DE00DAB6D8 /* LaunchScreen.xib */,
				964563931B31A0DE00DAB6D8 /* Supporting Files */,
				964563B51B31A31300DAB6D8 /* MainViewController.swift */,
				966AE6551B32474B00AE9FC6 /* swift_pjt_Bridging-Header.h */,
			);
			path = swift_pjt;
			sourceTree = "<group>";
		};
		964563931B31A0DE00DAB6D8 /* Supporting Files */ = {
			isa = PBXGroup;
			children = (
				964563941B31A0DE00DAB6D8 /* Info.plist */,
			);
			name = "Supporting Files";
			sourceTree = "<group>";
		};
		964563A81B31A0DE00DAB6D8 /* swift_pjtTests */ = {
			isa = PBXGroup;
			children = (
				964563AB1B31A0DF00DAB6D8 /* swift_pjtTests.swift */,
				964563A91B31A0DE00DAB6D8 /* Supporting Files */,
			);
			path = swift_pjtTests;
			sourceTree = "<group>";
		};
		964563A91B31A0DE00DAB6D8 /* Supporting Files */ = {
			isa = PBXGroup;
			children = (
				964563AA1B31A0DE00DAB6D8 /* Info.plist */,
			);
			name = "Supporting Files";
			sourceTree = "<group>";
		};
/* End PBXGroup section */

/* Begin PBXNativeTarget section */
		9645638F1B31A0DE00DAB6D8 /* swift_pjt */ = {
			isa = PBXNativeTarget;
			buildConfigurationList = 964563AF1B31A0DF00DAB6D8 /* Build configuration list for PBXNativeTarget "swift_pjt" */;
			buildPhases = (
				5427C00ACB28D55A62C8E5E0 /* Check Pods Manifest.lock */,
				9645638C1B31A0DE00DAB6D8 /* Sources */,
				9645638D1B31A0DE00DAB6D8 /* Frameworks */,
				9645638E1B31A0DE00DAB6D8 /* Resources */,
				0E8552A652DB3F3CC9BE37BD /* Copy Pods Resources */,
			);
			buildRules = (
			);
			dependencies = (
			);
			name = swift_pjt;
			productName = swift_pjt;
			productReference = 964563901B31A0DE00DAB6D8 /* swift_pjt.app */;
			productType = "com.apple.product-type.application";
		};
		964563A41B31A0DE00DAB6D8 /* swift_pjtTests */ = {
			isa = PBXNativeTarget;
			buildConfigurationList = 964563B21B31A0DF00DAB6D8 /* Build configuration list for PBXNativeTarget "swift_pjtTests" */;
			buildPhases = (
				964563A11B31A0DE00DAB6D8 /* Sources */,
				964563A21B31A0DE00DAB6D8 /* Frameworks */,
				964563A31B31A0DE00DAB6D8 /* Resources */,
			);
			buildRules = (
			);
			dependencies = (
				964563A71B31A0DE00DAB6D8 /* PBXTargetDependency */,
			);
			name = swift_pjtTests;
			productName = swift_pjtTests;
			productReference = 964563A51B31A0DE00DAB6D8 /* swift_pjtTests.xctest */;
			productType = "com.apple.product-type.bundle.unit-test";
		};
/* End PBXNativeTarget section */

/* Begin PBXProject section */
		964563881B31A0DE00DAB6D8 /* Project object */ = {
			isa = PBXProject;
			attributes = {
				LastUpgradeCheck = 0630;
				ORGANIZATIONNAME = "佐藤宗一郎";
				TargetAttributes = {
					9645638F1B31A0DE00DAB6D8 = {
						CreatedOnToolsVersion = 6.3.2;
					};
					964563A41B31A0DE00DAB6D8 = {
						CreatedOnToolsVersion = 6.3.2;
						TestTargetID = 9645638F1B31A0DE00DAB6D8;
					};
				};
			};
			buildConfigurationList = 9645638B1B31A0DE00DAB6D8 /* Build configuration list for PBXProject "swift_pjt" */;
			compatibilityVersion = "Xcode 3.2";
			developmentRegion = English;
			hasScannedForEncodings = 0;
			knownRegions = (
				en,
				Base,
			);
			mainGroup = 964563871B31A0DE00DAB6D8;
			productRefGroup = 964563911B31A0DE00DAB6D8 /* Products */;
			projectDirPath = "";
			projectRoot = "";
			targets = (
				9645638F1B31A0DE00DAB6D8 /* swift_pjt */,
				964563A41B31A0DE00DAB6D8 /* swift_pjtTests */,
			);
		};
/* End PBXProject section */

/* Begin PBXResourcesBuildPhase section */
		9645638E1B31A0DE00DAB6D8 /* Resources */ = {
			isa = PBXResourcesBuildPhase;
			buildActionMask = 2147483647;
			files = (
				964563A01B31A0DE00DAB6D8 /* LaunchScreen.xib in Resources */,
				9645639D1B31A0DE00DAB6D8 /* Images.xcassets in Resources */,
			);
			runOnlyForDeploymentPostprocessing = 0;
		};
		964563A31B31A0DE00DAB6D8 /* Resources */ = {
			isa = PBXResourcesBuildPhase;
			buildActionMask = 2147483647;
			files = (
			);
			runOnlyForDeploymentPostprocessing = 0;
		};
/* End PBXResourcesBuildPhase section */

/* Begin PBXShellScriptBuildPhase section */
		0E8552A652DB3F3CC9BE37BD /* Copy Pods Resources */ = {
			isa = PBXShellScriptBuildPhase;
			buildActionMask = 2147483647;
			files = (
			);
			inputPaths = (
			);
			name = "Copy Pods Resources";
			outputPaths = (
			);
			runOnlyForDeploymentPostprocessing = 0;
			shellPath = /bin/sh;
			shellScript = "\"${SRCROOT}/Pods/Target Support Files/Pods/Pods-resources.sh\"\n";
			showEnvVarsInLog = 0;
		};
		5427C00ACB28D55A62C8E5E0 /* Check Pods Manifest.lock */ = {
			isa = PBXShellScriptBuildPhase;
			buildActionMask = 2147483647;
			files = (
			);
			inputPaths = (
			);
			name = "Check Pods Manifest.lock";
			outputPaths = (
			);
			runOnlyForDeploymentPostprocessing = 0;
			shellPath = /bin/sh;
			shellScript = "diff \"${PODS_ROOT}/../Podfile.lock\" \"${PODS_ROOT}/Manifest.lock\" > /dev/null\nif [[ $? != 0 ]] ; then\n    cat << EOM\nerror: The sandbox is not in sync with the Podfile.lock. Run 'pod install' or update your CocoaPods installation.\nEOM\n    exit 1\nfi\n";
			showEnvVarsInLog = 0;
		};
/* End PBXShellScriptBuildPhase section */

/* Begin PBXSourcesBuildPhase section */
		9645638C1B31A0DE00DAB6D8 /* Sources */ = {
			isa = PBXSourcesBuildPhase;
			buildActionMask = 2147483647;
			files = (
				964563B61B31A31300DAB6D8 /* MainViewController.swift in Sources */,
				964563981B31A0DE00DAB6D8 /* ViewController.swift in Sources */,
				964563961B31A0DE00DAB6D8 /* AppDelegate.swift in Sources */,
			);
			runOnlyForDeploymentPostprocessing = 0;
		};
		964563A11B31A0DE00DAB6D8 /* Sources */ = {
			isa = PBXSourcesBuildPhase;
			buildActionMask = 2147483647;
			files = (
				964563AC1B31A0DF00DAB6D8 /* swift_pjtTests.swift in Sources */,
			);
			runOnlyForDeploymentPostprocessing = 0;
		};
/* End PBXSourcesBuildPhase section */

/* Begin PBXTargetDependency section */
		964563A71B31A0DE00DAB6D8 /* PBXTargetDependency */ = {
			isa = PBXTargetDependency;
			target = 9645638F1B31A0DE00DAB6D8 /* swift_pjt */;
			targetProxy = 964563A61B31A0DE00DAB6D8 /* PBXContainerItemProxy */;
		};
/* End PBXTargetDependency section */

/* Begin PBXVariantGroup section */
		9645639E1B31A0DE00DAB6D8 /* LaunchScreen.xib */ = {
			isa = PBXVariantGroup;
			children = (
				9645639F1B31A0DE00DAB6D8 /* Base */,
			);
			name = LaunchScreen.xib;
			sourceTree = "<group>";
		};
/* End PBXVariantGroup section */

/* Begin XCBuildConfiguration section */
		964563AD1B31A0DF00DAB6D8 /* Debug */ = {
			isa = XCBuildConfiguration;
			buildSettings = {
				ALWAYS_SEARCH_USER_PATHS = NO;
				CLANG_CXX_LANGUAGE_STANDARD = "gnu++0x";
				CLANG_CXX_LIBRARY = "libc++";
				CLANG_ENABLE_MODULES = YES;
				CLANG_ENABLE_OBJC_ARC = YES;
				CLANG_WARN_BOOL_CONVERSION = YES;
				CLANG_WARN_CONSTANT_CONVERSION = YES;
				CLANG_WARN_DIRECT_OBJC_ISA_USAGE = YES_ERROR;
				CLANG_WARN_EMPTY_BODY = YES;
				CLANG_WARN_ENUM_CONVERSION = YES;
				CLANG_WARN_INT_CONVERSION = YES;
				CLANG_WARN_OBJC_ROOT_CLASS = YES_ERROR;
				CLANG_WARN_UNREACHABLE_CODE = YES;
				CLANG_WARN__DUPLICATE_METHOD_MATCH = YES;
				"CODE_SIGN_IDENTITY[sdk=iphoneos*]" = "iPhone Developer";
				COPY_PHASE_STRIP = NO;
				DEBUG_INFORMATION_FORMAT = "dwarf-with-dsym";
				ENABLE_STRICT_OBJC_MSGSEND = YES;
				GCC_C_LANGUAGE_STANDARD = gnu99;
				GCC_DYNAMIC_NO_PIC = NO;
				GCC_NO_COMMON_BLOCKS = YES;
				GCC_OPTIMIZATION_LEVEL = 0;
				GCC_PREPROCESSOR_DEFINITIONS = (
					"DEBUG=1",
					"$(inherited)",
				);
				GCC_SYMBOLS_PRIVATE_EXTERN = NO;
				GCC_WARN_64_TO_32_BIT_CONVERSION = YES;
				GCC_WARN_ABOUT_RETURN_TYPE = YES_ERROR;
				GCC_WARN_UNDECLARED_SELECTOR = YES;
				GCC_WARN_UNINITIALIZED_AUTOS = YES_AGGRESSIVE;
				GCC_WARN_UNUSED_FUNCTION = YES;
				GCC_WARN_UNUSED_VARIABLE = YES;
				IPHONEOS_DEPLOYMENT_TARGET = 8.3;
				MTL_ENABLE_DEBUG_INFO = YES;
				ONLY_ACTIVE_ARCH = YES;
				SDKROOT = iphoneos;
				SWIFT_OPTIMIZATION_LEVEL = "-Onone";
			};
			name = Debug;
		};
		964563AE1B31A0DF00DAB6D8 /* Release */ = {
			isa = XCBuildConfiguration;
			buildSettings = {
				ALWAYS_SEARCH_USER_PATHS = NO;
				CLANG_CXX_LANGUAGE_STANDARD = "gnu++0x";
				CLANG_CXX_LIBRARY = "libc++";
				CLANG_ENABLE_MODULES = YES;
				CLANG_ENABLE_OBJC_ARC = YES;
				CLANG_WARN_BOOL_CONVERSION = YES;
				CLANG_WARN_CONSTANT_CONVERSION = YES;
				CLANG_WARN_DIRECT_OBJC_ISA_USAGE = YES_ERROR;
				CLANG_WARN_EMPTY_BODY = YES;
				CLANG_WARN_ENUM_CONVERSION = YES;
				CLANG_WARN_INT_CONVERSION = YES;
				CLANG_WARN_OBJC_ROOT_CLASS = YES_ERROR;
				CLANG_WARN_UNREACHABLE_CODE = YES;
				CLANG_WARN__DUPLICATE_METHOD_MATCH = YES;
				"CODE_SIGN_IDENTITY[sdk=iphoneos*]" = "iPhone Developer";
				COPY_PHASE_STRIP = NO;
				DEBUG_INFORMATION_FORMAT = "dwarf-with-dsym";
				ENABLE_NS_ASSERTIONS = NO;
				ENABLE_STRICT_OBJC_MSGSEND = YES;
				GCC_C_LANGUAGE_STANDARD = gnu99;
				GCC_NO_COMMON_BLOCKS = YES;
				GCC_WARN_64_TO_32_BIT_CONVERSION = YES;
				GCC_WARN_ABOUT_RETURN_TYPE = YES_ERROR;
				GCC_WARN_UNDECLARED_SELECTOR = YES;
				GCC_WARN_UNINITIALIZED_AUTOS = YES_AGGRESSIVE;
				GCC_WARN_UNUSED_FUNCTION = YES;
				GCC_WARN_UNUSED_VARIABLE = YES;
				IPHONEOS_DEPLOYMENT_TARGET = 8.3;
				MTL_ENABLE_DEBUG_INFO = NO;
				SDKROOT = iphoneos;
				VALIDATE_PRODUCT = YES;
			};
			name = Release;
		};
		964563B01B31A0DF00DAB6D8 /* Debug */ = {
			isa = XCBuildConfiguration;
			baseConfigurationReference = 405E6DCA37310ECDAACB7A1B /* Pods.debug.xcconfig */;
			buildSettings = {
				ASSETCATALOG_COMPILER_APPICON_NAME = AppIcon;
				INFOPLIST_FILE = swift_pjt/Info.plist;
				LD_RUNPATH_SEARCH_PATHS = "$(inherited) @executable_path/Frameworks";
				PRODUCT_NAME = "$(TARGET_NAME)";
				SWIFT_OBJC_BRIDGING_HEADER = "swift_pjt/swift_pjt_Bridging-Header.h";
				SWIFT_OBJC_INTERFACE_HEADER_NAME = "$(SWIFT_MODULE_NAME)-Swift.h";
			};
			name = Debug;
		};
		964563B11B31A0DF00DAB6D8 /* Release */ = {
			isa = XCBuildConfiguration;
			baseConfigurationReference = 9C0EDBCECA24A6A029891911 /* Pods.release.xcconfig */;
			buildSettings = {
				ASSETCATALOG_COMPILER_APPICON_NAME = AppIcon;
				INFOPLIST_FILE = swift_pjt/Info.plist;
				LD_RUNPATH_SEARCH_PATHS = "$(inherited) @executable_path/Frameworks";
				PRODUCT_NAME = "$(TARGET_NAME)";
				SWIFT_OBJC_BRIDGING_HEADER = "swift_pjt/swift_pjt_Bridging-Header.h";
				SWIFT_OBJC_INTERFACE_HEADER_NAME = "$(SWIFT_MODULE_NAME)-Swift.h";
			};
			name = Release;
		};
		964563B31B31A0DF00DAB6D8 /* Debug */ = {
			isa = XCBuildConfiguration;
			buildSettings = {
				BUNDLE_LOADER = "$(TEST_HOST)";
				FRAMEWORK_SEARCH_PATHS = (
					"$(SDKROOT)/Developer/Library/Frameworks",
					"$(inherited)",
				);
				GCC_PREPROCESSOR_DEFINITIONS = (
					"DEBUG=1",
					"$(inherited)",
				);
				INFOPLIST_FILE = swift_pjtTests/Info.plist;
				LD_RUNPATH_SEARCH_PATHS = "$(inherited) @executable_path/Frameworks @loader_path/Frameworks";
				PRODUCT_NAME = "$(TARGET_NAME)";
				TEST_HOST = "$(BUILT_PRODUCTS_DIR)/swift_pjt.app/swift_pjt";
			};
			name = Debug;
		};
		964563B41B31A0DF00DAB6D8 /* Release */ = {
			isa = XCBuildConfiguration;
			buildSettings = {
				BUNDLE_LOADER = "$(TEST_HOST)";
				FRAMEWORK_SEARCH_PATHS = (
					"$(SDKROOT)/Developer/Library/Frameworks",
					"$(inherited)",
				);
				INFOPLIST_FILE = swift_pjtTests/Info.plist;
				LD_RUNPATH_SEARCH_PATHS = "$(inherited) @executable_path/Frameworks @loader_path/Frameworks";
				PRODUCT_NAME = "$(TARGET_NAME)";
				TEST_HOST = "$(BUILT_PRODUCTS_DIR)/swift_pjt.app/swift_pjt";
			};
			name = Release;
		};
/* End XCBuildConfiguration section */

/* Begin XCConfigurationList section */
		9645638B1B31A0DE00DAB6D8 /* Build configuration list for PBXProject "swift_pjt" */ = {
			isa = XCConfigurationList;
			buildConfigurations = (
				964563AD1B31A0DF00DAB6D8 /* Debug */,
				964563AE1B31A0DF00DAB6D8 /* Release */,
			);
			defaultConfigurationIsVisible = 0;
			defaultConfigurationName = Release;
		};
		964563AF1B31A0DF00DAB6D8 /* Build configuration list for PBXNativeTarget "swift_pjt" */ = {
			isa = XCConfigurationList;
			buildConfigurations = (
				964563B01B31A0DF00DAB6D8 /* Debug */,
				964563B11B31A0DF00DAB6D8 /* Release */,
			);
			defaultConfigurationIsVisible = 0;
			defaultConfigurationName = Release;
		};
		964563B21B31A0DF00DAB6D8 /* Build configuration list for PBXNativeTarget "swift_pjtTests" */ = {
			isa = XCConfigurationList;
			buildConfigurations = (
				964563B31B31A0DF00DAB6D8 /* Debug */,
				964563B41B31A0DF00DAB6D8 /* Release */,
			);
			defaultConfigurationIsVisible = 0;
			defaultConfigurationName = Release;
		};
/* End XCConfigurationList section */
	};
	rootObject = 964563881B31A0DE00DAB6D8 /* Project object */;
}
